
Microsoft Visual Studio Solution File, Format Version 12.00
# Visual Studio 15
VisualStudioVersion = 15.0.28010.2046
MinimumVisualStudioVersion = 10.0.40219.1
Project("{FAE04EC0-301F-11D3-BF4B-00C04F79EFBC}") = "LinearGradient", "LinearGradient\LinearGradient.csproj", "{81ACB4E7-8F79-45EF-874E-8E43F8103002}"
EndProject
Global
	GlobalSection(SolutionConfigurationPlatforms) = preSolution
		Debug|Any CPU = Debug|Any CPU
		Release|Any CPU = Release|Any CPU
	EndGlobalSection
	GlobalSection(ProjectConfigurationPlatforms) = postSolution
		{81ACB4E7-8F79-45EF-874E-8E43F8103002}.Debug|Any CPU.ActiveCfg = Debug|Any CPU
		{81ACB4E7-8F79-45EF-874E-8E43F8103002}.Debug|Any CPU.Build.0 = Debug|Any CPU
		{81ACB4E7-8F79-45EF-874E-8E43F8103002}.Release|Any CPU.ActiveCfg = Release|Any CPU
		{81ACB4E7-8F79-45EF-874E-8E43F8103002}.Release|Any CPU.Build.0 = Release|Any CPU
	EndGlobalSection
	GlobalSection(SolutionProperties) = preSolution
		HideSolutionNode = FALSE
	EndGlobalSection
	GlobalSection(ExtensibilityGlobals) = postSolution
		SolutionGuid = {2A83D7DD-1B0D-4A80-8DFF-7FDCC1CC4C00}
	EndGlobalSection
EndGlobal
