
Microsoft Visual Studio Solution File, Format Version 12.00
# Visual Studio 15
VisualStudioVersion = 15.0.28010.2046
MinimumVisualStudioVersion = 10.0.40219.1
Project("{FAE04EC0-301F-11D3-BF4B-00C04F79EFBC}") = "BindingTwoControls_161", "BindingTwoControls_161\BindingTwoControls_161.csproj", "{0A378022-193D-4AB8-9390-E13B7334E71C}"
EndProject
Global
	GlobalSection(SolutionConfigurationPlatforms) = preSolution
		Debug|Any CPU = Debug|Any CPU
		Release|Any CPU = Release|Any CPU
	EndGlobalSection
	GlobalSection(ProjectConfigurationPlatforms) = postSolution
		{0A378022-193D-4AB8-9390-E13B7334E71C}.Debug|Any CPU.ActiveCfg = Debug|Any CPU
		{0A378022-193D-4AB8-9390-E13B7334E71C}.Debug|Any CPU.Build.0 = Debug|Any CPU
		{0A378022-193D-4AB8-9390-E13B7334E71C}.Release|Any CPU.ActiveCfg = Release|Any CPU
		{0A378022-193D-4AB8-9390-E13B7334E71C}.Release|Any CPU.Build.0 = Release|Any CPU
	EndGlobalSection
	GlobalSection(SolutionProperties) = preSolution
		HideSolutionNode = FALSE
	EndGlobalSection
	GlobalSection(ExtensibilityGlobals) = postSolution
		SolutionGuid = {A841F52E-5C48-41EE-884C-14137FC5FC6D}
	EndGlobalSection
EndGlobal
