
Microsoft Visual Studio Solution File, Format Version 12.00
# Visual Studio 15
VisualStudioVersion = 15.0.28010.2046
MinimumVisualStudioVersion = 10.0.40219.1
Project("{FAE04EC0-301F-11D3-BF4B-00C04F79EFBC}") = "twoway_159a", "twoway_159a\twoway_159a.csproj", "{AB58E33C-D884-4466-B32D-2C3937F1CBC4}"
EndProject
Global
	GlobalSection(SolutionConfigurationPlatforms) = preSolution
		Debug|Any CPU = Debug|Any CPU
		Release|Any CPU = Release|Any CPU
	EndGlobalSection
	GlobalSection(ProjectConfigurationPlatforms) = postSolution
		{AB58E33C-D884-4466-B32D-2C3937F1CBC4}.Debug|Any CPU.ActiveCfg = Debug|Any CPU
		{AB58E33C-D884-4466-B32D-2C3937F1CBC4}.Debug|Any CPU.Build.0 = Debug|Any CPU
		{AB58E33C-D884-4466-B32D-2C3937F1CBC4}.Release|Any CPU.ActiveCfg = Release|Any CPU
		{AB58E33C-D884-4466-B32D-2C3937F1CBC4}.Release|Any CPU.Build.0 = Release|Any CPU
	EndGlobalSection
	GlobalSection(SolutionProperties) = preSolution
		HideSolutionNode = FALSE
	EndGlobalSection
	GlobalSection(ExtensibilityGlobals) = postSolution
		SolutionGuid = {B9AF9521-46FE-4DF3-B62D-DAD15B2E9FC9}
	EndGlobalSection
EndGlobal
