
Microsoft Visual Studio Solution File, Format Version 12.00
# Visual Studio 15
VisualStudioVersion = 15.0.28010.2046
MinimumVisualStudioVersion = 10.0.40219.1
Project("{FAE04EC0-301F-11D3-BF4B-00C04F79EFBC}") = "panel_127", "panel_127\panel_127.csproj", "{F69F486D-805E-4E3B-8AC5-20BFC4ECCA2D}"
EndProject
Global
	GlobalSection(SolutionConfigurationPlatforms) = preSolution
		Debug|Any CPU = Debug|Any CPU
		Release|Any CPU = Release|Any CPU
	EndGlobalSection
	GlobalSection(ProjectConfigurationPlatforms) = postSolution
		{F69F486D-805E-4E3B-8AC5-20BFC4ECCA2D}.Debug|Any CPU.ActiveCfg = Debug|Any CPU
		{F69F486D-805E-4E3B-8AC5-20BFC4ECCA2D}.Debug|Any CPU.Build.0 = Debug|Any CPU
		{F69F486D-805E-4E3B-8AC5-20BFC4ECCA2D}.Release|Any CPU.ActiveCfg = Release|Any CPU
		{F69F486D-805E-4E3B-8AC5-20BFC4ECCA2D}.Release|Any CPU.Build.0 = Release|Any CPU
	EndGlobalSection
	GlobalSection(SolutionProperties) = preSolution
		HideSolutionNode = FALSE
	EndGlobalSection
	GlobalSection(ExtensibilityGlobals) = postSolution
		SolutionGuid = {6CC71E6D-2F28-45FF-8132-F8BC98CBA83D}
	EndGlobalSection
EndGlobal
