
Microsoft Visual Studio Solution File, Format Version 12.00
# Visual Studio 15
VisualStudioVersion = 15.0.28010.2046
MinimumVisualStudioVersion = 10.0.40219.1
Project("{FAE04EC0-301F-11D3-BF4B-00C04F79EFBC}") = "Converter_227", "Converter_227\Converter_227.csproj", "{167618A8-CC0E-488E-8B2D-B3061A29A402}"
EndProject
Global
	GlobalSection(SolutionConfigurationPlatforms) = preSolution
		Debug|Any CPU = Debug|Any CPU
		Release|Any CPU = Release|Any CPU
	EndGlobalSection
	GlobalSection(ProjectConfigurationPlatforms) = postSolution
		{167618A8-CC0E-488E-8B2D-B3061A29A402}.Debug|Any CPU.ActiveCfg = Debug|Any CPU
		{167618A8-CC0E-488E-8B2D-B3061A29A402}.Debug|Any CPU.Build.0 = Debug|Any CPU
		{167618A8-CC0E-488E-8B2D-B3061A29A402}.Release|Any CPU.ActiveCfg = Release|Any CPU
		{167618A8-CC0E-488E-8B2D-B3061A29A402}.Release|Any CPU.Build.0 = Release|Any CPU
	EndGlobalSection
	GlobalSection(SolutionProperties) = preSolution
		HideSolutionNode = FALSE
	EndGlobalSection
	GlobalSection(ExtensibilityGlobals) = postSolution
		SolutionGuid = {3C0B95F3-DC48-4A80-9294-C8CEE4F8CD11}
	EndGlobalSection
EndGlobal
