
Microsoft Visual Studio Solution File, Format Version 12.00
# Visual Studio 15
VisualStudioVersion = 15.0.28010.2046
MinimumVisualStudioVersion = 10.0.40219.1
Project("{FAE04EC0-301F-11D3-BF4B-00C04F79EFBC}") = "twoway_162", "twoway_162\twoway_162.csproj", "{92394074-E41F-4EC3-B1D5-38A3B61DE9E7}"
EndProject
Global
	GlobalSection(SolutionConfigurationPlatforms) = preSolution
		Debug|Any CPU = Debug|Any CPU
		Release|Any CPU = Release|Any CPU
	EndGlobalSection
	GlobalSection(ProjectConfigurationPlatforms) = postSolution
		{92394074-E41F-4EC3-B1D5-38A3B61DE9E7}.Debug|Any CPU.ActiveCfg = Debug|Any CPU
		{92394074-E41F-4EC3-B1D5-38A3B61DE9E7}.Debug|Any CPU.Build.0 = Debug|Any CPU
		{92394074-E41F-4EC3-B1D5-38A3B61DE9E7}.Release|Any CPU.ActiveCfg = Release|Any CPU
		{92394074-E41F-4EC3-B1D5-38A3B61DE9E7}.Release|Any CPU.Build.0 = Release|Any CPU
	EndGlobalSection
	GlobalSection(SolutionProperties) = preSolution
		HideSolutionNode = FALSE
	EndGlobalSection
	GlobalSection(ExtensibilityGlobals) = postSolution
		SolutionGuid = {0F715685-3A35-4578-A18E-86DC15AA6914}
	EndGlobalSection
EndGlobal
