
Microsoft Visual Studio Solution File, Format Version 12.00
# Visual Studio 15
VisualStudioVersion = 15.0.28010.2046
MinimumVisualStudioVersion = 10.0.40219.1
Project("{FAE04EC0-301F-11D3-BF4B-00C04F79EFBC}") = "Homework4", "Homework4\Homework4.csproj", "{2C8378D0-AEDC-4D86-AC9D-4C46DC73298B}"
EndProject
Global
	GlobalSection(SolutionConfigurationPlatforms) = preSolution
		Debug|Any CPU = Debug|Any CPU
		Release|Any CPU = Release|Any CPU
	EndGlobalSection
	GlobalSection(ProjectConfigurationPlatforms) = postSolution
		{2C8378D0-AEDC-4D86-AC9D-4C46DC73298B}.Debug|Any CPU.ActiveCfg = Debug|Any CPU
		{2C8378D0-AEDC-4D86-AC9D-4C46DC73298B}.Debug|Any CPU.Build.0 = Debug|Any CPU
		{2C8378D0-AEDC-4D86-AC9D-4C46DC73298B}.Release|Any CPU.ActiveCfg = Release|Any CPU
		{2C8378D0-AEDC-4D86-AC9D-4C46DC73298B}.Release|Any CPU.Build.0 = Release|Any CPU
	EndGlobalSection
	GlobalSection(SolutionProperties) = preSolution
		HideSolutionNode = FALSE
	EndGlobalSection
	GlobalSection(ExtensibilityGlobals) = postSolution
		SolutionGuid = {F1B388D3-CA28-4C68-B84B-B4873F8F6262}
	EndGlobalSection
EndGlobal
