
Microsoft Visual Studio Solution File, Format Version 12.00
# Visual Studio 15
VisualStudioVersion = 15.0.28010.2046
MinimumVisualStudioVersion = 10.0.40219.1
Project("{FAE04EC0-301F-11D3-BF4B-00C04F79EFBC}") = "button_119", "button_119\button_119.csproj", "{DEA81C19-3DDF-4E29-AB64-8D929F564E04}"
EndProject
Global
	GlobalSection(SolutionConfigurationPlatforms) = preSolution
		Debug|Any CPU = Debug|Any CPU
		Release|Any CPU = Release|Any CPU
	EndGlobalSection
	GlobalSection(ProjectConfigurationPlatforms) = postSolution
		{DEA81C19-3DDF-4E29-AB64-8D929F564E04}.Debug|Any CPU.ActiveCfg = Debug|Any CPU
		{DEA81C19-3DDF-4E29-AB64-8D929F564E04}.Debug|Any CPU.Build.0 = Debug|Any CPU
		{DEA81C19-3DDF-4E29-AB64-8D929F564E04}.Release|Any CPU.ActiveCfg = Release|Any CPU
		{DEA81C19-3DDF-4E29-AB64-8D929F564E04}.Release|Any CPU.Build.0 = Release|Any CPU
	EndGlobalSection
	GlobalSection(SolutionProperties) = preSolution
		HideSolutionNode = FALSE
	EndGlobalSection
	GlobalSection(ExtensibilityGlobals) = postSolution
		SolutionGuid = {3DB54D4A-8AAC-4C35-88DE-2699DE49D210}
	EndGlobalSection
EndGlobal
