
Microsoft Visual Studio Solution File, Format Version 12.00
# Visual Studio 15
VisualStudioVersion = 15.0.28010.2046
MinimumVisualStudioVersion = 10.0.40219.1
Project("{FAE04EC0-301F-11D3-BF4B-00C04F79EFBC}") = "RadialGradient", "RadialGradient\RadialGradient.csproj", "{AF5DBFE9-A25A-41E5-99A3-2639854BCFA6}"
EndProject
Global
	GlobalSection(SolutionConfigurationPlatforms) = preSolution
		Debug|Any CPU = Debug|Any CPU
		Release|Any CPU = Release|Any CPU
	EndGlobalSection
	GlobalSection(ProjectConfigurationPlatforms) = postSolution
		{AF5DBFE9-A25A-41E5-99A3-2639854BCFA6}.Debug|Any CPU.ActiveCfg = Debug|Any CPU
		{AF5DBFE9-A25A-41E5-99A3-2639854BCFA6}.Debug|Any CPU.Build.0 = Debug|Any CPU
		{AF5DBFE9-A25A-41E5-99A3-2639854BCFA6}.Release|Any CPU.ActiveCfg = Release|Any CPU
		{AF5DBFE9-A25A-41E5-99A3-2639854BCFA6}.Release|Any CPU.Build.0 = Release|Any CPU
	EndGlobalSection
	GlobalSection(SolutionProperties) = preSolution
		HideSolutionNode = FALSE
	EndGlobalSection
	GlobalSection(ExtensibilityGlobals) = postSolution
		SolutionGuid = {5D9A922B-AC0D-40AB-8785-A638BC317FE5}
	EndGlobalSection
EndGlobal
