
Microsoft Visual Studio Solution File, Format Version 12.00
# Visual Studio 15
VisualStudioVersion = 15.0.28010.2046
MinimumVisualStudioVersion = 10.0.40219.1
Project("{FAE04EC0-301F-11D3-BF4B-00C04F79EFBC}") = "Context_235", "Context_235\Context_235.csproj", "{70D401ED-171C-498C-9098-90AE743A5680}"
EndProject
Global
	GlobalSection(SolutionConfigurationPlatforms) = preSolution
		Debug|Any CPU = Debug|Any CPU
		Release|Any CPU = Release|Any CPU
	EndGlobalSection
	GlobalSection(ProjectConfigurationPlatforms) = postSolution
		{70D401ED-171C-498C-9098-90AE743A5680}.Debug|Any CPU.ActiveCfg = Debug|Any CPU
		{70D401ED-171C-498C-9098-90AE743A5680}.Debug|Any CPU.Build.0 = Debug|Any CPU
		{70D401ED-171C-498C-9098-90AE743A5680}.Release|Any CPU.ActiveCfg = Release|Any CPU
		{70D401ED-171C-498C-9098-90AE743A5680}.Release|Any CPU.Build.0 = Release|Any CPU
	EndGlobalSection
	GlobalSection(SolutionProperties) = preSolution
		HideSolutionNode = FALSE
	EndGlobalSection
	GlobalSection(ExtensibilityGlobals) = postSolution
		SolutionGuid = {63272E70-149A-4AD0-AFEF-7F31CBB0BF95}
	EndGlobalSection
EndGlobal
