
Microsoft Visual Studio Solution File, Format Version 12.00
# Visual Studio 15
VisualStudioVersion = 15.0.28010.2046
MinimumVisualStudioVersion = 10.0.40219.1
Project("{FAE04EC0-301F-11D3-BF4B-00C04F79EFBC}") = "WindowsFormsApp1", "WindowsFormsApp1\WindowsFormsApp1.csproj", "{5CA5DBE3-AD50-46BC-9E6F-1618949C67E5}"
EndProject
Global
	GlobalSection(SolutionConfigurationPlatforms) = preSolution
		Debug|Any CPU = Debug|Any CPU
		Release|Any CPU = Release|Any CPU
	EndGlobalSection
	GlobalSection(ProjectConfigurationPlatforms) = postSolution
		{5CA5DBE3-AD50-46BC-9E6F-1618949C67E5}.Debug|Any CPU.ActiveCfg = Debug|Any CPU
		{5CA5DBE3-AD50-46BC-9E6F-1618949C67E5}.Debug|Any CPU.Build.0 = Debug|Any CPU
		{5CA5DBE3-AD50-46BC-9E6F-1618949C67E5}.Release|Any CPU.ActiveCfg = Release|Any CPU
		{5CA5DBE3-AD50-46BC-9E6F-1618949C67E5}.Release|Any CPU.Build.0 = Release|Any CPU
	EndGlobalSection
	GlobalSection(SolutionProperties) = preSolution
		HideSolutionNode = FALSE
	EndGlobalSection
	GlobalSection(ExtensibilityGlobals) = postSolution
		SolutionGuid = {C3DB0A10-080F-43AF-B0C2-9EA36A98DCDC}
	EndGlobalSection
EndGlobal
