
Microsoft Visual Studio Solution File, Format Version 12.00
# Visual Studio 15
VisualStudioVersion = 15.0.28010.2046
MinimumVisualStudioVersion = 10.0.40219.1
Project("{FAE04EC0-301F-11D3-BF4B-00C04F79EFBC}") = "LoginWindow", "LoginWindow\LoginWindow.csproj", "{C0CE2BF8-7B6E-47CD-9A4E-E3AC2CE46951}"
EndProject
Global
	GlobalSection(SolutionConfigurationPlatforms) = preSolution
		Debug|Any CPU = Debug|Any CPU
		Release|Any CPU = Release|Any CPU
	EndGlobalSection
	GlobalSection(ProjectConfigurationPlatforms) = postSolution
		{C0CE2BF8-7B6E-47CD-9A4E-E3AC2CE46951}.Debug|Any CPU.ActiveCfg = Debug|Any CPU
		{C0CE2BF8-7B6E-47CD-9A4E-E3AC2CE46951}.Debug|Any CPU.Build.0 = Debug|Any CPU
		{C0CE2BF8-7B6E-47CD-9A4E-E3AC2CE46951}.Release|Any CPU.ActiveCfg = Release|Any CPU
		{C0CE2BF8-7B6E-47CD-9A4E-E3AC2CE46951}.Release|Any CPU.Build.0 = Release|Any CPU
	EndGlobalSection
	GlobalSection(SolutionProperties) = preSolution
		HideSolutionNode = FALSE
	EndGlobalSection
	GlobalSection(ExtensibilityGlobals) = postSolution
		SolutionGuid = {CD83D0E3-A3ED-4570-87C9-3373267ABCAE}
	EndGlobalSection
EndGlobal
